PODS:
  - JXHTTP (2.0.2)
  - SDWebImage (3.7.3):
    - SDWebImage/Core (= 3.7.3)
  - SDWebImage/Core (3.7.3)
  - Spectacles (1.0.1)
  - TMTumblrSDK (4.0.1):
    - TMTumblrSDK/Activity (= 4.0.1)
    - TMTumblrSDK/APIClient (= 4.0.1)
    - TMTumblrSDK/AppClient (= 4.0.1)
    - TMTumblrSDK/Core (= 4.0.1)
  - TMTumblrSDK/Activity (4.0.1)
  - TMTumblrSDK/APIClient (4.0.1):
    - JXHTTP (~> 2.0.1)
    - TMTumblrSDK/APIClient/Authentication (= 4.0.1)
  - TMTumblrSDK/APIClient/Authentication (4.0.1):
    - JXHTTP (~> 2.0.1)
    - TMTumblrSDK/Core
  - TMTumblrSDK/AppClient (4.0.1):
    - TMTumblrSDK/Core
  - TMTumblrSDK/Core (4.0.1):
    - Spectacles (~> 1.0)

DEPENDENCIES:
  - SDWebImage
  - TMTumblrSDK

SPEC CHECKSUMS:
  JXHTTP: 7e3fde3d226e865531703b0e4ea4b6e1c22d9b16
  SDWebImage: 1d2b1a1efda1ade1b00b6f8498865f8ddedc8a84
  Spectacles: 8dc60711140320653724560e2d6bbb8a8f0940e4
  TMTumblrSDK: fec72b7eed921db0b2ec472b2c851d472ab41f3a

COCOAPODS: 0.39.0
