// !$*UTF8*$!
{
	archiveVersion = 1;
	classes = {
	};
	objectVersion = 46;
	objects = {

/* Begin PBXBuildFile section */
		3F0FDD8C1C0C31E500716923 /* main.m in Sources */ = {isa = PBXBuildFile; fileRef = 3F0FDD8B1C0C31E500716923 /* main.m */; };
		3F0FDD8F1C0C31E500716923 /* AppDelegate.m in Sources */ = {isa = PBXBuildFile; fileRef = 3F0FDD8E1C0C31E500716923 /* AppDelegate.m */; };
		3F0FDD921C0C31E500716923 /* ViewController.m in Sources */ = {isa = PBXBuildFile; fileRef = 3F0FDD911C0C31E500716923 /* ViewController.m */; };
		3F0FDD951C0C31E500716923 /* Main.storyboard in Resources */ = {isa = PBXBuildFile; fileRef = 3F0FDD931C0C31E500716923 /* Main.storyboard */; };
		3F0FDD971C0C31E500716923 /* Assets.xcassets in Resources */ = {isa = PBXBuildFile; fileRef = 3F0FDD961C0C31E500716923 /* Assets.xcassets */; };
		3F0FDD9A1C0C31E500716923 /* LaunchScreen.storyboard in Resources */ = {isa = PBXBuildFile; fileRef = 3F0FDD981C0C31E500716923 /* LaunchScreen.storyboard */; };
		3F31DB9D1C1133C700D36C4D /* cassette_standard.m in Sources */ = {isa = PBXBuildFile; fileRef = 3F31DB9B1C1133C700D36C4D /* cassette_standard.m */; settings = {ASSET_TAGS = (); }; };
		3F31DB9E1C1133C700D36C4D /* cassette_standard.xib in Resources */ = {isa = PBXBuildFile; fileRef = 3F31DB9C1C1133C700D36C4D /* cassette_standard.xib */; settings = {ASSET_TAGS = (); }; };
		3F31DBA31C113B9800D36C4D /* play_standard.m in Sources */ = {isa = PBXBuildFile; fileRef = 3F31DBA11C113B9800D36C4D /* play_standard.m */; settings = {ASSET_TAGS = (); }; };
		3F31DBA41C113B9800D36C4D /* play_standard.xib in Resources */ = {isa = PBXBuildFile; fileRef = 3F31DBA21C113B9800D36C4D /* play_standard.xib */; settings = {ASSET_TAGS = (); }; };
		3F31DBA91C1141C900D36C4D /* cassette_white.m in Sources */ = {isa = PBXBuildFile; fileRef = 3F31DBA71C1141C900D36C4D /* cassette_white.m */; settings = {ASSET_TAGS = (); }; };
		3F31DBAA1C1141C900D36C4D /* cassette_white.xib in Resources */ = {isa = PBXBuildFile; fileRef = 3F31DBA81C1141C900D36C4D /* cassette_white.xib */; settings = {ASSET_TAGS = (); }; };
		3F31DBB41C11446100D36C4D /* play_white.m in Sources */ = {isa = PBXBuildFile; fileRef = 3F31DBB21C11446100D36C4D /* play_white.m */; settings = {ASSET_TAGS = (); }; };
		3F31DBB51C11446100D36C4D /* play_white.xib in Resources */ = {isa = PBXBuildFile; fileRef = 3F31DBB31C11446100D36C4D /* play_white.xib */; settings = {ASSET_TAGS = (); }; };
		3F31DBBA1C11468E00D36C4D /* cassette_yellow.m in Sources */ = {isa = PBXBuildFile; fileRef = 3F31DBB81C11468E00D36C4D /* cassette_yellow.m */; settings = {ASSET_TAGS = (); }; };
		3F31DBBB1C11468E00D36C4D /* cassette_yellow.xib in Resources */ = {isa = PBXBuildFile; fileRef = 3F31DBB91C11468E00D36C4D /* cassette_yellow.xib */; settings = {ASSET_TAGS = (); }; };
		3F31DBC01C1147FC00D36C4D /* play_yellow.m in Sources */ = {isa = PBXBuildFile; fileRef = 3F31DBBE1C1147FC00D36C4D /* play_yellow.m */; settings = {ASSET_TAGS = (); }; };
		3F31DBC11C1147FC00D36C4D /* play_yellow.xib in Resources */ = {isa = PBXBuildFile; fileRef = 3F31DBBF1C1147FC00D36C4D /* play_yellow.xib */; settings = {ASSET_TAGS = (); }; };
		3F31DBCB1C114A6200D36C4D /* cassette_red.m in Sources */ = {isa = PBXBuildFile; fileRef = 3F31DBC91C114A6200D36C4D /* cassette_red.m */; settings = {ASSET_TAGS = (); }; };
		3F31DBCC1C114A6200D36C4D /* cassette_red.xib in Resources */ = {isa = PBXBuildFile; fileRef = 3F31DBCA1C114A6200D36C4D /* cassette_red.xib */; settings = {ASSET_TAGS = (); }; };
		3F31DBD11C114B8800D36C4D /* play_red.m in Sources */ = {isa = PBXBuildFile; fileRef = 3F31DBCF1C114B8800D36C4D /* play_red.m */; settings = {ASSET_TAGS = (); }; };
		3F31DBD21C114B8800D36C4D /* play_red.xib in Resources */ = {isa = PBXBuildFile; fileRef = 3F31DBD01C114B8800D36C4D /* play_red.xib */; settings = {ASSET_TAGS = (); }; };
		3F31DBD81C114CE100D36C4D /* cassette_orange.m in Sources */ = {isa = PBXBuildFile; fileRef = 3F31DBD61C114CE100D36C4D /* cassette_orange.m */; settings = {ASSET_TAGS = (); }; };
		3F31DBD91C114CE100D36C4D /* cassette_orange.xib in Resources */ = {isa = PBXBuildFile; fileRef = 3F31DBD71C114CE100D36C4D /* cassette_orange.xib */; settings = {ASSET_TAGS = (); }; };
		3F31DBDD1C114CF100D36C4D /* play_orange.m in Sources */ = {isa = PBXBuildFile; fileRef = 3F31DBDB1C114CF100D36C4D /* play_orange.m */; settings = {ASSET_TAGS = (); }; };
		3F31DBDE1C114CF100D36C4D /* play_orange.xib in Resources */ = {isa = PBXBuildFile; fileRef = 3F31DBDC1C114CF100D36C4D /* play_orange.xib */; settings = {ASSET_TAGS = (); }; };
		3F31DBE71C1151B900D36C4D /* play_song.m in Sources */ = {isa = PBXBuildFile; fileRef = 3F31DBE61C1151B900D36C4D /* play_song.m */; settings = {ASSET_TAGS = (); }; };
/* End PBXBuildFile section */

/* Begin PBXFileReference section */
		3F0FDD871C0C31E500716923 /* Monzix.app */ = {isa = PBXFileReference; explicitFileType = wrapper.application; includeInIndex = 0; path = Monzix.app; sourceTree = BUILT_PRODUCTS_DIR; };
		3F0FDD8B1C0C31E500716923 /* main.m */ = {isa = PBXFileReference; lastKnownFileType = sourcecode.c.objc; path = main.m; sourceTree = "<group>"; };
		3F0FDD8D1C0C31E500716923 /* AppDelegate.h */ = {isa = PBXFileReference; lastKnownFileType = sourcecode.c.h; path = AppDelegate.h; sourceTree = "<group>"; };
		3F0FDD8E1C0C31E500716923 /* AppDelegate.m */ = {isa = PBXFileReference; lastKnownFileType = sourcecode.c.objc; path = AppDelegate.m; sourceTree = "<group>"; };
		3F0FDD901C0C31E500716923 /* ViewController.h */ = {isa = PBXFileReference; lastKnownFileType = sourcecode.c.h; path = ViewController.h; sourceTree = "<group>"; };
		3F0FDD911C0C31E500716923 /* ViewController.m */ = {isa = PBXFileReference; lastKnownFileType = sourcecode.c.objc; path = ViewController.m; sourceTree = "<group>"; };
		3F0FDD941C0C31E500716923 /* Base */ = {isa = PBXFileReference; lastKnownFileType = file.storyboard; name = Base; path = Base.lproj/Main.storyboard; sourceTree = "<group>"; };
		3F0FDD961C0C31E500716923 /* Assets.xcassets */ = {isa = PBXFileReference; lastKnownFileType = folder.assetcatalog; path = Assets.xcassets; sourceTree = "<group>"; };
		3F0FDD991C0C31E500716923 /* Base */ = {isa = PBXFileReference; lastKnownFileType = file.storyboard; name = Base; path = Base.lproj/LaunchScreen.storyboard; sourceTree = "<group>"; };
		3F0FDD9B1C0C31E500716923 /* Info.plist */ = {isa = PBXFileReference; lastKnownFileType = text.plist.xml; path = Info.plist; sourceTree = "<group>"; };
		3F31DB9A1C1133C700D36C4D /* cassette_standard.h */ = {isa = PBXFileReference; fileEncoding = 4; lastKnownFileType = sourcecode.c.h; path = cassette_standard.h; sourceTree = "<group>"; };
		3F31DB9B1C1133C700D36C4D /* cassette_standard.m */ = {isa = PBXFileReference; fileEncoding = 4; lastKnownFileType = sourcecode.c.objc; path = cassette_standard.m; sourceTree = "<group>"; };
		3F31DB9C1C1133C700D36C4D /* cassette_standard.xib */ = {isa = PBXFileReference; fileEncoding = 4; lastKnownFileType = file.xib; path = cassette_standard.xib; sourceTree = "<group>"; };
		3F31DBA01C113B9800D36C4D /* play_standard.h */ = {isa = PBXFileReference; fileEncoding = 4; lastKnownFileType = sourcecode.c.h; path = play_standard.h; sourceTree = "<group>"; };
		3F31DBA11C113B9800D36C4D /* play_standard.m */ = {isa = PBXFileReference; fileEncoding = 4; lastKnownFileType = sourcecode.c.objc; path = play_standard.m; sourceTree = "<group>"; };
		3F31DBA21C113B9800D36C4D /* play_standard.xib */ = {isa = PBXFileReference; fileEncoding = 4; lastKnownFileType = file.xib; path = play_standard.xib; sourceTree = "<group>"; };
		3F31DBA61C1141C900D36C4D /* cassette_white.h */ = {isa = PBXFileReference; fileEncoding = 4; lastKnownFileType = sourcecode.c.h; path = cassette_white.h; sourceTree = "<group>"; };
		3F31DBA71C1141C900D36C4D /* cassette_white.m */ = {isa = PBXFileReference; fileEncoding = 4; lastKnownFileType = sourcecode.c.objc; path = cassette_white.m; sourceTree = "<group>"; };
		3F31DBA81C1141C900D36C4D /* cassette_white.xib */ = {isa = PBXFileReference; fileEncoding = 4; lastKnownFileType = file.xib; path = cassette_white.xib; sourceTree = "<group>"; };
		3F31DBB11C11446100D36C4D /* play_white.h */ = {isa = PBXFileReference; fileEncoding = 4; lastKnownFileType = sourcecode.c.h; path = play_white.h; sourceTree = "<group>"; };
		3F31DBB21C11446100D36C4D /* play_white.m */ = {isa = PBXFileReference; fileEncoding = 4; lastKnownFileType = sourcecode.c.objc; path = play_white.m; sourceTree = "<group>"; };
		3F31DBB31C11446100D36C4D /* play_white.xib */ = {isa = PBXFileReference; fileEncoding = 4; lastKnownFileType = file.xib; path = play_white.xib; sourceTree = "<group>"; };
		3F31DBB71C11468E00D36C4D /* cassette_yellow.h */ = {isa = PBXFileReference; fileEncoding = 4; lastKnownFileType = sourcecode.c.h; path = cassette_yellow.h; sourceTree = "<group>"; };
		3F31DBB81C11468E00D36C4D /* cassette_yellow.m */ = {isa = PBXFileReference; fileEncoding = 4; lastKnownFileType = sourcecode.c.objc; path = cassette_yellow.m; sourceTree = "<group>"; };
		3F31DBB91C11468E00D36C4D /* cassette_yellow.xib */ = {isa = PBXFileReference; fileEncoding = 4; lastKnownFileType = file.xib; path = cassette_yellow.xib; sourceTree = "<group>"; };
		3F31DBBD1C1147FC00D36C4D /* play_yellow.h */ = {isa = PBXFileReference; fileEncoding = 4; lastKnownFileType = sourcecode.c.h; path = play_yellow.h; sourceTree = "<group>"; };
		3F31DBBE1C1147FC00D36C4D /* play_yellow.m */ = {isa = PBXFileReference; fileEncoding = 4; lastKnownFileType = sourcecode.c.objc; path = play_yellow.m; sourceTree = "<group>"; };
		3F31DBBF1C1147FC00D36C4D /* play_yellow.xib */ = {isa = PBXFileReference; fileEncoding = 4; lastKnownFileType = file.xib; path = play_yellow.xib; sourceTree = "<group>"; };
		3F31DBC81C114A6200D36C4D /* cassette_red.h */ = {isa = PBXFileReference; fileEncoding = 4; lastKnownFileType = sourcecode.c.h; path = cassette_red.h; sourceTree = "<group>"; };
		3F31DBC91C114A6200D36C4D /* cassette_red.m */ = {isa = PBXFileReference; fileEncoding = 4; lastKnownFileType = sourcecode.c.objc; path = cassette_red.m; sourceTree = "<group>"; };
		3F31DBCA1C114A6200D36C4D /* cassette_red.xib */ = {isa = PBXFileReference; fileEncoding = 4; lastKnownFileType = file.xib; path = cassette_red.xib; sourceTree = "<group>"; };
		3F31DBCE1C114B8800D36C4D /* play_red.h */ = {isa = PBXFileReference; fileEncoding = 4; lastKnownFileType = sourcecode.c.h; path = play_red.h; sourceTree = "<group>"; };
		3F31DBCF1C114B8800D36C4D /* play_red.m */ = {isa = PBXFileReference; fileEncoding = 4; lastKnownFileType = sourcecode.c.objc; path = play_red.m; sourceTree = "<group>"; };
		3F31DBD01C114B8800D36C4D /* play_red.xib */ = {isa = PBXFileReference; fileEncoding = 4; lastKnownFileType = file.xib; path = play_red.xib; sourceTree = "<group>"; };
		3F31DBD51C114CE100D36C4D /* cassette_orange.h */ = {isa = PBXFileReference; fileEncoding = 4; lastKnownFileType = sourcecode.c.h; path = cassette_orange.h; sourceTree = "<group>"; };
		3F31DBD61C114CE100D36C4D /* cassette_orange.m */ = {isa = PBXFileReference; fileEncoding = 4; lastKnownFileType = sourcecode.c.objc; path = cassette_orange.m; sourceTree = "<group>"; };
		3F31DBD71C114CE100D36C4D /* cassette_orange.xib */ = {isa = PBXFileReference; fileEncoding = 4; lastKnownFileType = file.xib; path = cassette_orange.xib; sourceTree = "<group>"; };
		3F31DBDA1C114CF100D36C4D /* play_orange.h */ = {isa = PBXFileReference; fileEncoding = 4; lastKnownFileType = sourcecode.c.h; path = play_orange.h; sourceTree = "<group>"; };
		3F31DBDB1C114CF100D36C4D /* play_orange.m */ = {isa = PBXFileReference; fileEncoding = 4; lastKnownFileType = sourcecode.c.objc; path = play_orange.m; sourceTree = "<group>"; };
		3F31DBDC1C114CF100D36C4D /* play_orange.xib */ = {isa = PBXFileReference; fileEncoding = 4; lastKnownFileType = file.xib; path = play_orange.xib; sourceTree = "<group>"; };
		3F31DBE51C1151B900D36C4D /* play_song.h */ = {isa = PBXFileReference; fileEncoding = 4; lastKnownFileType = sourcecode.c.h; path = play_song.h; sourceTree = "<group>"; };
		3F31DBE61C1151B900D36C4D /* play_song.m */ = {isa = PBXFileReference; fileEncoding = 4; lastKnownFileType = sourcecode.c.objc; path = play_song.m; sourceTree = "<group>"; };
/* End PBXFileReference section */

/* Begin PBXFrameworksBuildPhase section */
		3F0FDD841C0C31E500716923 /* Frameworks */ = {
			isa = PBXFrameworksBuildPhase;
			buildActionMask = 2147483647;
			files = (
			);
			runOnlyForDeploymentPostprocessing = 0;
		};
/* End PBXFrameworksBuildPhase section */

/* Begin PBXGroup section */
		3F0FDD7E1C0C31E500716923 = {
			isa = PBXGroup;
			children = (
				3F31DBD41C114CCA00D36C4D /* play_orange */,
				3F31DBD31C114CB900D36C4D /* cassette_orange */,
				3F31DBCD1C114B6E00D36C4D /* play_red */,
				3F31DBC71C114A4600D36C4D /* cassette_red */,
				3F31DBBC1C1147DB00D36C4D /* play_yellow */,
				3F31DBB61C11466D00D36C4D /* cassette_yellow */,
				3F31DBB01C11444900D36C4D /* play_white */,
				3F31DBA51C1141AA00D36C4D /* cassette_white */,
				3F31DB9F1C113B7E00D36C4D /* play_standard */,
				3F31DB931C11335000D36C4D /* cassette_standard */,
				3F0FDD891C0C31E500716923 /* Monzix */,
				3F0FDD881C0C31E500716923 /* Products */,
			);
			sourceTree = "<group>";
		};
		3F0FDD881C0C31E500716923 /* Products */ = {
			isa = PBXGroup;
			children = (
				3F0FDD871C0C31E500716923 /* Monzix.app */,
			);
			name = Products;
			sourceTree = "<group>";
		};
		3F0FDD891C0C31E500716923 /* Monzix */ = {
			isa = PBXGroup;
			children = (
				3F31DBE51C1151B900D36C4D /* play_song.h */,
				3F31DBE61C1151B900D36C4D /* play_song.m */,
				3F0FDD8D1C0C31E500716923 /* AppDelegate.h */,
				3F0FDD8E1C0C31E500716923 /* AppDelegate.m */,
				3F0FDD901C0C31E500716923 /* ViewController.h */,
				3F0FDD911C0C31E500716923 /* ViewController.m */,
				3F0FDD931C0C31E500716923 /* Main.storyboard */,
				3F0FDD961C0C31E500716923 /* Assets.xcassets */,
				3F0FDD981C0C31E500716923 /* LaunchScreen.storyboard */,
				3F0FDD9B1C0C31E500716923 /* Info.plist */,
				3F0FDD8A1C0C31E500716923 /* Supporting Files */,
			);
			path = Monzix;
			sourceTree = "<group>";
		};
		3F0FDD8A1C0C31E500716923 /* Supporting Files */ = {
			isa = PBXGroup;
			children = (
				3F0FDD8B1C0C31E500716923 /* main.m */,
			);
			name = "Supporting Files";
			sourceTree = "<group>";
		};
		3F31DB931C11335000D36C4D /* cassette_standard */ = {
			isa = PBXGroup;
			children = (
				3F31DB9A1C1133C700D36C4D /* cassette_standard.h */,
				3F31DB9B1C1133C700D36C4D /* cassette_standard.m */,
				3F31DB9C1C1133C700D36C4D /* cassette_standard.xib */,
			);
			name = cassette_standard;
			sourceTree = "<group>";
		};
		3F31DB9F1C113B7E00D36C4D /* play_standard */ = {
			isa = PBXGroup;
			children = (
				3F31DBA01C113B9800D36C4D /* play_standard.h */,
				3F31DBA11C113B9800D36C4D /* play_standard.m */,
				3F31DBA21C113B9800D36C4D /* play_standard.xib */,
			);
			name = play_standard;
			sourceTree = "<group>";
		};
		3F31DBA51C1141AA00D36C4D /* cassette_white */ = {
			isa = PBXGroup;
			children = (
				3F31DBA61C1141C900D36C4D /* cassette_white.h */,
				3F31DBA71C1141C900D36C4D /* cassette_white.m */,
				3F31DBA81C1141C900D36C4D /* cassette_white.xib */,
			);
			name = cassette_white;
			sourceTree = "<group>";
		};
		3F31DBB01C11444900D36C4D /* play_white */ = {
			isa = PBXGroup;
			children = (
				3F31DBB11C11446100D36C4D /* play_white.h */,
				3F31DBB21C11446100D36C4D /* play_white.m */,
				3F31DBB31C11446100D36C4D /* play_white.xib */,
			);
			name = play_white;
			sourceTree = "<group>";
		};
		3F31DBB61C11466D00D36C4D /* cassette_yellow */ = {
			isa = PBXGroup;
			children = (
				3F31DBB71C11468E00D36C4D /* cassette_yellow.h */,
				3F31DBB81C11468E00D36C4D /* cassette_yellow.m */,
				3F31DBB91C11468E00D36C4D /* cassette_yellow.xib */,
			);
			name = cassette_yellow;
			sourceTree = "<group>";
		};
		3F31DBBC1C1147DB00D36C4D /* play_yellow */ = {
			isa = PBXGroup;
			children = (
				3F31DBBD1C1147FC00D36C4D /* play_yellow.h */,
				3F31DBBE1C1147FC00D36C4D /* play_yellow.m */,
				3F31DBBF1C1147FC00D36C4D /* play_yellow.xib */,
			);
			name = play_yellow;
			sourceTree = "<group>";
		};
		3F31DBC71C114A4600D36C4D /* cassette_red */ = {
			isa = PBXGroup;
			children = (
				3F31DBC81C114A6200D36C4D /* cassette_red.h */,
				3F31DBC91C114A6200D36C4D /* cassette_red.m */,
				3F31DBCA1C114A6200D36C4D /* cassette_red.xib */,
			);
			name = cassette_red;
			sourceTree = "<group>";
		};
		3F31DBCD1C114B6E00D36C4D /* play_red */ = {
			isa = PBXGroup;
			children = (
				3F31DBCE1C114B8800D36C4D /* play_red.h */,
				3F31DBCF1C114B8800D36C4D /* play_red.m */,
				3F31DBD01C114B8800D36C4D /* play_red.xib */,
			);
			name = play_red;
			sourceTree = "<group>";
		};
		3F31DBD31C114CB900D36C4D /* cassette_orange */ = {
			isa = PBXGroup;
			children = (
				3F31DBD51C114CE100D36C4D /* cassette_orange.h */,
				3F31DBD61C114CE100D36C4D /* cassette_orange.m */,
				3F31DBD71C114CE100D36C4D /* cassette_orange.xib */,
			);
			name = cassette_orange;
			sourceTree = "<group>";
		};
		3F31DBD41C114CCA00D36C4D /* play_orange */ = {
			isa = PBXGroup;
			children = (
				3F31DBDA1C114CF100D36C4D /* play_orange.h */,
				3F31DBDB1C114CF100D36C4D /* play_orange.m */,
				3F31DBDC1C114CF100D36C4D /* play_orange.xib */,
			);
			name = play_orange;
			sourceTree = "<group>";
		};
/* End PBXGroup section */

/* Begin PBXNativeTarget section */
		3F0FDD861C0C31E500716923 /* Monzix */ = {
			isa = PBXNativeTarget;
			buildConfigurationList = 3F0FDD9E1C0C31E500716923 /* Build configuration list for PBXNativeTarget "Monzix" */;
			buildPhases = (
				3F0FDD831C0C31E500716923 /* Sources */,
				3F0FDD841C0C31E500716923 /* Frameworks */,
				3F0FDD851C0C31E500716923 /* Resources */,
			);
			buildRules = (
			);
			dependencies = (
			);
			name = Monzix;
			productName = Monzix;
			productReference = 3F0FDD871C0C31E500716923 /* Monzix.app */;
			productType = "com.apple.product-type.application";
		};
/* End PBXNativeTarget section */

/* Begin PBXProject section */
		3F0FDD7F1C0C31E500716923 /* Project object */ = {
			isa = PBXProject;
			attributes = {
				LastUpgradeCheck = 0700;
				ORGANIZATIONNAME = Techmaster;
				TargetAttributes = {
					3F0FDD861C0C31E500716923 = {
						CreatedOnToolsVersion = 7.0;
					};
				};
			};
			buildConfigurationList = 3F0FDD821C0C31E500716923 /* Build configuration list for PBXProject "Monzix" */;
			compatibilityVersion = "Xcode 3.2";
			developmentRegion = English;
			hasScannedForEncodings = 0;
			knownRegions = (
				en,
				Base,
			);
			mainGroup = 3F0FDD7E1C0C31E500716923;
			productRefGroup = 3F0FDD881C0C31E500716923 /* Products */;
			projectDirPath = "";
			projectRoot = "";
			targets = (
				3F0FDD861C0C31E500716923 /* Monzix */,
			);
		};
/* End PBXProject section */

/* Begin PBXResourcesBuildPhase section */
		3F0FDD851C0C31E500716923 /* Resources */ = {
			isa = PBXResourcesBuildPhase;
			buildActionMask = 2147483647;
			files = (
				3F0FDD9A1C0C31E500716923 /* LaunchScreen.storyboard in Resources */,
				3F31DBCC1C114A6200D36C4D /* cassette_red.xib in Resources */,
				3F0FDD971C0C31E500716923 /* Assets.xcassets in Resources */,
				3F31DBA41C113B9800D36C4D /* play_standard.xib in Resources */,
				3F31DBBB1C11468E00D36C4D /* cassette_yellow.xib in Resources */,
				3F31DBD21C114B8800D36C4D /* play_red.xib in Resources */,
				3F31DB9E1C1133C700D36C4D /* cassette_standard.xib in Resources */,
				3F31DBD91C114CE100D36C4D /* cassette_orange.xib in Resources */,
				3F0FDD951C0C31E500716923 /* Main.storyboard in Resources */,
				3F31DBC11C1147FC00D36C4D /* play_yellow.xib in Resources */,
				3F31DBB51C11446100D36C4D /* play_white.xib in Resources */,
				3F31DBDE1C114CF100D36C4D /* play_orange.xib in Resources */,
				3F31DBAA1C1141C900D36C4D /* cassette_white.xib in Resources */,
			);
			runOnlyForDeploymentPostprocessing = 0;
		};
/* End PBXResourcesBuildPhase section */

/* Begin PBXSourcesBuildPhase section */
		3F0FDD831C0C31E500716923 /* Sources */ = {
			isa = PBXSourcesBuildPhase;
			buildActionMask = 2147483647;
			files = (
				3F0FDD921C0C31E500716923 /* ViewController.m in Sources */,
				3F31DBCB1C114A6200D36C4D /* cassette_red.m in Sources */,
				3F0FDD8F1C0C31E500716923 /* AppDelegate.m in Sources */,
				3F31DBC01C1147FC00D36C4D /* play_yellow.m in Sources */,
				3F31DBE71C1151B900D36C4D /* play_song.m in Sources */,
				3F31DB9D1C1133C700D36C4D /* cassette_standard.m in Sources */,
				3F31DBBA1C11468E00D36C4D /* cassette_yellow.m in Sources */,
				3F31DBB41C11446100D36C4D /* play_white.m in Sources */,
				3F31DBD81C114CE100D36C4D /* cassette_orange.m in Sources */,
				3F31DBD11C114B8800D36C4D /* play_red.m in Sources */,
				3F31DBA91C1141C900D36C4D /* cassette_white.m in Sources */,
				3F0FDD8C1C0C31E500716923 /* main.m in Sources */,
				3F31DBA31C113B9800D36C4D /* play_standard.m in Sources */,
				3F31DBDD1C114CF100D36C4D /* play_orange.m in Sources */,
			);
			runOnlyForDeploymentPostprocessing = 0;
		};
/* End PBXSourcesBuildPhase section */

/* Begin PBXVariantGroup section */
		3F0FDD931C0C31E500716923 /* Main.storyboard */ = {
			isa = PBXVariantGroup;
			children = (
				3F0FDD941C0C31E500716923 /* Base */,
			);
			name = Main.storyboard;
			sourceTree = "<group>";
		};
		3F0FDD981C0C31E500716923 /* LaunchScreen.storyboard */ = {
			isa = PBXVariantGroup;
			children = (
				3F0FDD991C0C31E500716923 /* Base */,
			);
			name = LaunchScreen.storyboard;
			sourceTree = "<group>";
		};
/* End PBXVariantGroup section */

/* Begin XCBuildConfiguration section */
		3F0FDD9C1C0C31E500716923 /* Debug */ = {
			isa = XCBuildConfiguration;
			buildSettings = {
				ALWAYS_SEARCH_USER_PATHS = NO;
				CLANG_CXX_LANGUAGE_STANDARD = "gnu++0x";
				CLANG_CXX_LIBRARY = "libc++";
				CLANG_ENABLE_MODULES = YES;
				CLANG_ENABLE_OBJC_ARC = YES;
				CLANG_WARN_BOOL_CONVERSION = YES;
				CLANG_WARN_CONSTANT_CONVERSION = YES;
				CLANG_WARN_DIRECT_OBJC_ISA_USAGE = YES_ERROR;
				CLANG_WARN_EMPTY_BODY = YES;
				CLANG_WARN_ENUM_CONVERSION = YES;
				CLANG_WARN_INT_CONVERSION = YES;
				CLANG_WARN_OBJC_ROOT_CLASS = YES_ERROR;
				CLANG_WARN_UNREACHABLE_CODE = YES;
				CLANG_WARN__DUPLICATE_METHOD_MATCH = YES;
				"CODE_SIGN_IDENTITY[sdk=iphoneos*]" = "iPhone Developer";
				COPY_PHASE_STRIP = NO;
				DEBUG_INFORMATION_FORMAT = dwarf;
				ENABLE_STRICT_OBJC_MSGSEND = YES;
				ENABLE_TESTABILITY = YES;
				GCC_C_LANGUAGE_STANDARD = gnu99;
				GCC_DYNAMIC_NO_PIC = NO;
				GCC_NO_COMMON_BLOCKS = YES;
				GCC_OPTIMIZATION_LEVEL = 0;
				GCC_PREPROCESSOR_DEFINITIONS = (
					"DEBUG=1",
					"$(inherited)",
				);
				GCC_WARN_64_TO_32_BIT_CONVERSION = YES;
				GCC_WARN_ABOUT_RETURN_TYPE = YES_ERROR;
				GCC_WARN_UNDECLARED_SELECTOR = YES;
				GCC_WARN_UNINITIALIZED_AUTOS = YES_AGGRESSIVE;
				GCC_WARN_UNUSED_FUNCTION = YES;
				GCC_WARN_UNUSED_VARIABLE = YES;
				IPHONEOS_DEPLOYMENT_TARGET = 9.0;
				MTL_ENABLE_DEBUG_INFO = YES;
				ONLY_ACTIVE_ARCH = YES;
				SDKROOT = iphoneos;
			};
			name = Debug;
		};
		3F0FDD9D1C0C31E500716923 /* Release */ = {
			isa = XCBuildConfiguration;
			buildSettings = {
				ALWAYS_SEARCH_USER_PATHS = NO;
				CLANG_CXX_LANGUAGE_STANDARD = "gnu++0x";
				CLANG_CXX_LIBRARY = "libc++";
				CLANG_ENABLE_MODULES = YES;
				CLANG_ENABLE_OBJC_ARC = YES;
				CLANG_WARN_BOOL_CONVERSION = YES;
				CLANG_WARN_CONSTANT_CONVERSION = YES;
				CLANG_WARN_DIRECT_OBJC_ISA_USAGE = YES_ERROR;
				CLANG_WARN_EMPTY_BODY = YES;
				CLANG_WARN_ENUM_CONVERSION = YES;
				CLANG_WARN_INT_CONVERSION = YES;
				CLANG_WARN_OBJC_ROOT_CLASS = YES_ERROR;
				CLANG_WARN_UNREACHABLE_CODE = YES;
				CLANG_WARN__DUPLICATE_METHOD_MATCH = YES;
				"CODE_SIGN_IDENTITY[sdk=iphoneos*]" = "iPhone Developer";
				COPY_PHASE_STRIP = NO;
				DEBUG_INFORMATION_FORMAT = "dwarf-with-dsym";
				ENABLE_NS_ASSERTIONS = NO;
				ENABLE_STRICT_OBJC_MSGSEND = YES;
				GCC_C_LANGUAGE_STANDARD = gnu99;
				GCC_NO_COMMON_BLOCKS = YES;
				GCC_WARN_64_TO_32_BIT_CONVERSION = YES;
				GCC_WARN_ABOUT_RETURN_TYPE = YES_ERROR;
				GCC_WARN_UNDECLARED_SELECTOR = YES;
				GCC_WARN_UNINITIALIZED_AUTOS = YES_AGGRESSIVE;
				GCC_WARN_UNUSED_FUNCTION = YES;
				GCC_WARN_UNUSED_VARIABLE = YES;
				IPHONEOS_DEPLOYMENT_TARGET = 9.0;
				MTL_ENABLE_DEBUG_INFO = NO;
				SDKROOT = iphoneos;
				VALIDATE_PRODUCT = YES;
			};
			name = Release;
		};
		3F0FDD9F1C0C31E500716923 /* Debug */ = {
			isa = XCBuildConfiguration;
			buildSettings = {
				ASSETCATALOG_COMPILER_APPICON_NAME = AppIcon;
				INFOPLIST_FILE = Monzix/Info.plist;
				LD_RUNPATH_SEARCH_PATHS = "$(inherited) @executable_path/Frameworks";
				PRODUCT_BUNDLE_IDENTIFIER = vn.techmaster.Monzix;
				PRODUCT_NAME = "$(TARGET_NAME)";
			};
			name = Debug;
		};
		3F0FDDA01C0C31E500716923 /* Release */ = {
			isa = XCBuildConfiguration;
			buildSettings = {
				ASSETCATALOG_COMPILER_APPICON_NAME = AppIcon;
				INFOPLIST_FILE = Monzix/Info.plist;
				LD_RUNPATH_SEARCH_PATHS = "$(inherited) @executable_path/Frameworks";
				PRODUCT_BUNDLE_IDENTIFIER = vn.techmaster.Monzix;
				PRODUCT_NAME = "$(TARGET_NAME)";
			};
			name = Release;
		};
/* End XCBuildConfiguration section */

/* Begin XCConfigurationList section */
		3F0FDD821C0C31E500716923 /* Build configuration list for PBXProject "Monzix" */ = {
			isa = XCConfigurationList;
			buildConfigurations = (
				3F0FDD9C1C0C31E500716923 /* Debug */,
				3F0FDD9D1C0C31E500716923 /* Release */,
			);
			defaultConfigurationIsVisible = 0;
			defaultConfigurationName = Release;
		};
		3F0FDD9E1C0C31E500716923 /* Build configuration list for PBXNativeTarget "Monzix" */ = {
			isa = XCConfigurationList;
			buildConfigurations = (
				3F0FDD9F1C0C31E500716923 /* Debug */,
				3F0FDDA01C0C31E500716923 /* Release */,
			);
			defaultConfigurationIsVisible = 0;
			defaultConfigurationName = Release;
		};
/* End XCConfigurationList section */
	};
	rootObject = 3F0FDD7F1C0C31E500716923 /* Project object */;
}
